// !$*UTF8*$!
{
	archiveVersion = 1;
	classes = {
	};
	objectVersion = 56;
	objects = {

/* Begin PBXBuildFile section */
		5EA7CC022BE7270B0002C206 /* SistemasTotalesComponent.swift in Sources */ = {isa = PBXBuildFile; fileRef = 5EA7CC012BE7270B0002C206 /* SistemasTotalesComponent.swift */; };
		5EA7CC042BE72ABF0002C206 /* GotasTotales.swift in Sources */ = {isa = PBXBuildFile; fileRef = 5EA7CC032BE72ABF0002C206 /* GotasTotales.swift */; };
		A92D20372BE4634100A711D0 /* SequiaNotifComponent.swift in Sources */ = {isa = PBXBuildFile; fileRef = A92D20362BE4634100A711D0 /* SequiaNotifComponent.swift */; };
		A92D20392BE4638F00A711D0 /* ConsumoComponent.swift in Sources */ = {isa = PBXBuildFile; fileRef = A92D20382BE4638F00A711D0 /* ConsumoComponent.swift */; };
		FB10EA8B2B9DCBBF0087B60F /* Valve.swift in Sources */ = {isa = PBXBuildFile; fileRef = FB10EA8A2B9DCBBF0087B60F /* Valve.swift */; };
		FB4C8FDE2B9D00F700D89048 /* GotaApp.swift in Sources */ = {isa = PBXBuildFile; fileRef = FB4C8FDD2B9D00F700D89048 /* GotaApp.swift */; };
		FB4C8FE02B9D00F700D89048 /* ContentView.swift in Sources */ = {isa = PBXBuildFile; fileRef = FB4C8FDF2B9D00F700D89048 /* ContentView.swift */; };
		FB4C8FE22B9D00F700D89048 /* Item.swift in Sources */ = {isa = PBXBuildFile; fileRef = FB4C8FE12B9D00F700D89048 /* Item.swift */; };
		FB4C8FE42B9D00F800D89048 /* Assets.xcassets in Resources */ = {isa = PBXBuildFile; fileRef = FB4C8FE32B9D00F800D89048 /* Assets.xcassets */; };
		FB4C8FE72B9D00F800D89048 /* Preview Assets.xcassets in Resources */ = {isa = PBXBuildFile; fileRef = FB4C8FE62B9D00F800D89048 /* Preview Assets.xcassets */; };
		FBC26CA82B9D8CE400C7E854 /* PlanDeAhorro.swift in Sources */ = {isa = PBXBuildFile; fileRef = FBC26CA72B9D8CE400C7E854 /* PlanDeAhorro.swift */; };
		FBC26CAD2B9D9C4B00C7E854 /* TinacoComponent.swift in Sources */ = {isa = PBXBuildFile; fileRef = FBC26CAC2B9D9C4B00C7E854 /* TinacoComponent.swift */; };
		FBC26CAF2B9DA89F00C7E854 /* PlanDeAhorroView.swift in Sources */ = {isa = PBXBuildFile; fileRef = FBC26CAE2B9DA89F00C7E854 /* PlanDeAhorroView.swift */; };
		FBFD99BF2B9D0BD300B91A46 /* PrincipalView.swift in Sources */ = {isa = PBXBuildFile; fileRef = FBFD99BE2B9D0BD300B91A46 /* PrincipalView.swift */; };
		FBFD99C22B9D175600B91A46 /* PrincipalModel.swift in Sources */ = {isa = PBXBuildFile; fileRef = FBFD99C12B9D175600B91A46 /* PrincipalModel.swift */; };
		FBFD99C52B9D178200B91A46 /* PrincipalViewModel.swift in Sources */ = {isa = PBXBuildFile; fileRef = FBFD99C42B9D178200B91A46 /* PrincipalViewModel.swift */; };
		FBFD99C92B9D71F900B91A46 /* PredictorDeFugas.mlmodel in Sources */ = {isa = PBXBuildFile; fileRef = FBFD99C82B9D71F900B91A46 /* PredictorDeFugas.mlmodel */; };
		FBFD99CB2B9D723900B91A46 /* PredictionView.swift in Sources */ = {isa = PBXBuildFile; fileRef = FBFD99CA2B9D723900B91A46 /* PredictionView.swift */; };
		FBFD99CD2B9D729700B91A46 /* PredictionViewModel.swift in Sources */ = {isa = PBXBuildFile; fileRef = FBFD99CC2B9D729700B91A46 /* PredictionViewModel.swift */; };
		FBFD99CF2B9D747400B91A46 /* PredicitionModel.swift in Sources */ = {isa = PBXBuildFile; fileRef = FBFD99CE2B9D747400B91A46 /* PredicitionModel.swift */; };
/* End PBXBuildFile section */

/* Begin PBXFileReference section */
		5EA7CC012BE7270B0002C206 /* SistemasTotalesComponent.swift */ = {isa = PBXFileReference; lastKnownFileType = sourcecode.swift; path = SistemasTotalesComponent.swift; sourceTree = "<group>"; };
		5EA7CC032BE72ABF0002C206 /* GotasTotales.swift */ = {isa = PBXFileReference; lastKnownFileType = sourcecode.swift; path = GotasTotales.swift; sourceTree = "<group>"; };
		A92D20362BE4634100A711D0 /* SequiaNotifComponent.swift */ = {isa = PBXFileReference; lastKnownFileType = sourcecode.swift; path = SequiaNotifComponent.swift; sourceTree = "<group>"; };
		A92D20382BE4638F00A711D0 /* ConsumoComponent.swift */ = {isa = PBXFileReference; lastKnownFileType = sourcecode.swift; path = ConsumoComponent.swift; sourceTree = "<group>"; };
		FB1032592B9DC5BF00C9A3D1 /* Info.plist */ = {isa = PBXFileReference; lastKnownFileType = text.plist; path = Info.plist; sourceTree = "<group>"; };
		FB10EA8A2B9DCBBF0087B60F /* Valve.swift */ = {isa = PBXFileReference; lastKnownFileType = sourcecode.swift; path = Valve.swift; sourceTree = "<group>"; };
		FB4C8FDA2B9D00F700D89048 /* Gota.app */ = {isa = PBXFileReference; explicitFileType = wrapper.application; includeInIndex = 0; path = Gota.app; sourceTree = BUILT_PRODUCTS_DIR; };
		FB4C8FDD2B9D00F700D89048 /* GotaApp.swift */ = {isa = PBXFileReference; lastKnownFileType = sourcecode.swift; path = GotaApp.swift; sourceTree = "<group>"; };
		FB4C8FDF2B9D00F700D89048 /* ContentView.swift */ = {isa = PBXFileReference; lastKnownFileType = sourcecode.swift; path = ContentView.swift; sourceTree = "<group>"; };
		FB4C8FE12B9D00F700D89048 /* Item.swift */ = {isa = PBXFileReference; lastKnownFileType = sourcecode.swift; path = Item.swift; sourceTree = "<group>"; };
		FB4C8FE32B9D00F800D89048 /* Assets.xcassets */ = {isa = PBXFileReference; lastKnownFileType = folder.assetcatalog; path = Assets.xcassets; sourceTree = "<group>"; };
		FB4C8FE62B9D00F800D89048 /* Preview Assets.xcassets */ = {isa = PBXFileReference; lastKnownFileType = folder.assetcatalog; path = "Preview Assets.xcassets"; sourceTree = "<group>"; };
		FBC26CA72B9D8CE400C7E854 /* PlanDeAhorro.swift */ = {isa = PBXFileReference; lastKnownFileType = sourcecode.swift; path = PlanDeAhorro.swift; sourceTree = "<group>"; };
		FBC26CAC2B9D9C4B00C7E854 /* TinacoComponent.swift */ = {isa = PBXFileReference; lastKnownFileType = sourcecode.swift; path = TinacoComponent.swift; sourceTree = "<group>"; };
		FBC26CAE2B9DA89F00C7E854 /* PlanDeAhorroView.swift */ = {isa = PBXFileReference; lastKnownFileType = sourcecode.swift; path = PlanDeAhorroView.swift; sourceTree = "<group>"; };
		FBFD99BE2B9D0BD300B91A46 /* PrincipalView.swift */ = {isa = PBXFileReference; lastKnownFileType = sourcecode.swift; path = PrincipalView.swift; sourceTree = "<group>"; };
		FBFD99C12B9D175600B91A46 /* PrincipalModel.swift */ = {isa = PBXFileReference; lastKnownFileType = sourcecode.swift; path = PrincipalModel.swift; sourceTree = "<group>"; };
		FBFD99C42B9D178200B91A46 /* PrincipalViewModel.swift */ = {isa = PBXFileReference; lastKnownFileType = sourcecode.swift; path = PrincipalViewModel.swift; sourceTree = "<group>"; };
		FBFD99C82B9D71F900B91A46 /* PredictorDeFugas.mlmodel */ = {isa = PBXFileReference; lastKnownFileType = file.mlmodel; path = PredictorDeFugas.mlmodel; sourceTree = SOURCE_ROOT; };
		FBFD99CA2B9D723900B91A46 /* PredictionView.swift */ = {isa = PBXFileReference; lastKnownFileType = sourcecode.swift; path = PredictionView.swift; sourceTree = "<group>"; };
		FBFD99CC2B9D729700B91A46 /* PredictionViewModel.swift */ = {isa = PBXFileReference; lastKnownFileType = sourcecode.swift; path = PredictionViewModel.swift; sourceTree = "<group>"; };
		FBFD99CE2B9D747400B91A46 /* PredicitionModel.swift */ = {isa = PBXFileReference; lastKnownFileType = sourcecode.swift; path = PredicitionModel.swift; sourceTree = "<group>"; };
/* End PBXFileReference section */

/* Begin PBXFrameworksBuildPhase section */
		FB4C8FD72B9D00F700D89048 /* Frameworks */ = {
			isa = PBXFrameworksBuildPhase;
			buildActionMask = 2147483647;
			files = (
			);
			runOnlyForDeploymentPostprocessing = 0;
		};
/* End PBXFrameworksBuildPhase section */

/* Begin PBXGroup section */
		FB4C8FD12B9D00F700D89048 = {
			isa = PBXGroup;
			children = (
				FB4C8FDC2B9D00F700D89048 /* Gota */,
				FB4C8FDB2B9D00F700D89048 /* Products */,
			);
			sourceTree = "<group>";
		};
		FB4C8FDB2B9D00F700D89048 /* Products */ = {
			isa = PBXGroup;
			children = (
				FB4C8FDA2B9D00F700D89048 /* Gota.app */,
			);
			name = Products;
			sourceTree = "<group>";
		};
		FB4C8FDC2B9D00F700D89048 /* Gota */ = {
			isa = PBXGroup;
			children = (
				FB1032592B9DC5BF00C9A3D1 /* Info.plist */,
				FBFD99C32B9D177600B91A46 /* ViewModels */,
				FBFD99C02B9D174800B91A46 /* Models */,
				FBFD99BD2B9D0BAD00B91A46 /* Views */,
				FB4C8FDD2B9D00F700D89048 /* GotaApp.swift */,
				FB4C8FDF2B9D00F700D89048 /* ContentView.swift */,
				FB4C8FE12B9D00F700D89048 /* Item.swift */,
				FB4C8FE32B9D00F800D89048 /* Assets.xcassets */,
				FBFD99C82B9D71F900B91A46 /* PredictorDeFugas.mlmodel */,
				FB4C8FE52B9D00F800D89048 /* Preview Content */,
			);
			path = Gota;
			sourceTree = "<group>";
		};
		FB4C8FE52B9D00F800D89048 /* Preview Content */ = {
			isa = PBXGroup;
			children = (
				FB4C8FE62B9D00F800D89048 /* Preview Assets.xcassets */,
			);
			path = "Preview Content";
			sourceTree = "<group>";
		};
		FBC26CA92B9D9BCA00C7E854 /* Components */ = {
			isa = PBXGroup;
			children = (
				FBC26CAC2B9D9C4B00C7E854 /* TinacoComponent.swift */,
				A92D20362BE4634100A711D0 /* SequiaNotifComponent.swift */,
				A92D20382BE4638F00A711D0 /* ConsumoComponent.swift */,
				5EA7CC012BE7270B0002C206 /* SistemasTotalesComponent.swift */,
				5EA7CC032BE72ABF0002C206 /* GotasTotales.swift */,
			);
			path = Components;
			sourceTree = "<group>";
		};
		FBFD99BD2B9D0BAD00B91A46 /* Views */ = {
			isa = PBXGroup;
			children = (
				FBFD99BE2B9D0BD300B91A46 /* PrincipalView.swift */,
				FBFD99CA2B9D723900B91A46 /* PredictionView.swift */,
				FBC26CAE2B9DA89F00C7E854 /* PlanDeAhorroView.swift */,
				FBC26CA72B9D8CE400C7E854 /* PlanDeAhorro.swift */,
				FBC26CA92B9D9BCA00C7E854 /* Components */,
			);
			path = Views;
			sourceTree = "<group>";
		};
		FBFD99C02B9D174800B91A46 /* Models */ = {
			isa = PBXGroup;
			children = (
				FBFD99C12B9D175600B91A46 /* PrincipalModel.swift */,
				FBFD99CE2B9D747400B91A46 /* PredicitionModel.swift */,
			);
			path = Models;
			sourceTree = "<group>";
		};
		FBFD99C32B9D177600B91A46 /* ViewModels */ = {
			isa = PBXGroup;
			children = (
				FBFD99C42B9D178200B91A46 /* PrincipalViewModel.swift */,
				FBFD99CC2B9D729700B91A46 /* PredictionViewModel.swift */,
				FB10EA8A2B9DCBBF0087B60F /* Valve.swift */,
			);
			path = ViewModels;
			sourceTree = "<group>";
		};
/* End PBXGroup section */

/* Begin PBXNativeTarget section */
		FB4C8FD92B9D00F700D89048 /* Gota */ = {
			isa = PBXNativeTarget;
			buildConfigurationList = FB4C8FEA2B9D00F800D89048 /* Build configuration list for PBXNativeTarget "Gota" */;
			buildPhases = (
				FB4C8FD62B9D00F700D89048 /* Sources */,
				FB4C8FD72B9D00F700D89048 /* Frameworks */,
				FB4C8FD82B9D00F700D89048 /* Resources */,
			);
			buildRules = (
			);
			dependencies = (
			);
			name = Gota;
			productName = Gota;
			productReference = FB4C8FDA2B9D00F700D89048 /* Gota.app */;
			productType = "com.apple.product-type.application";
		};
/* End PBXNativeTarget section */

/* Begin PBXProject section */
		FB4C8FD22B9D00F700D89048 /* Project object */ = {
			isa = PBXProject;
			attributes = {
				BuildIndependentTargetsInParallel = 1;
				LastSwiftUpdateCheck = 1530;
				LastUpgradeCheck = 1530;
				TargetAttributes = {
					FB4C8FD92B9D00F700D89048 = {
						CreatedOnToolsVersion = 15.3;
					};
				};
			};
			buildConfigurationList = FB4C8FD52B9D00F700D89048 /* Build configuration list for PBXProject "Gota" */;
			compatibilityVersion = "Xcode 14.0";
			developmentRegion = en;
			hasScannedForEncodings = 0;
			knownRegions = (
				en,
				Base,
			);
			mainGroup = FB4C8FD12B9D00F700D89048;
			productRefGroup = FB4C8FDB2B9D00F700D89048 /* Products */;
			projectDirPath = "";
			projectRoot = "";
			targets = (
				FB4C8FD92B9D00F700D89048 /* Gota */,
			);
		};
/* End PBXProject section */

/* Begin PBXResourcesBuildPhase section */
		FB4C8FD82B9D00F700D89048 /* Resources */ = {
			isa = PBXResourcesBuildPhase;
			buildActionMask = 2147483647;
			files = (
				FB4C8FE72B9D00F800D89048 /* Preview Assets.xcassets in Resources */,
				FB4C8FE42B9D00F800D89048 /* Assets.xcassets in Resources */,
			);
			runOnlyForDeploymentPostprocessing = 0;
		};
/* End PBXResourcesBuildPhase section */

/* Begin PBXSourcesBuildPhase section */
		FB4C8FD62B9D00F700D89048 /* Sources */ = {
			isa = PBXSourcesBuildPhase;
			buildActionMask = 2147483647;
			files = (
				FBFD99C22B9D175600B91A46 /* PrincipalModel.swift in Sources */,
				FBC26CA82B9D8CE400C7E854 /* PlanDeAhorro.swift in Sources */,
				FBFD99BF2B9D0BD300B91A46 /* PrincipalView.swift in Sources */,
				FBFD99CB2B9D723900B91A46 /* PredictionView.swift in Sources */,
				FB4C8FE02B9D00F700D89048 /* ContentView.swift in Sources */,
				FBC26CAD2B9D9C4B00C7E854 /* TinacoComponent.swift in Sources */,
				5EA7CC022BE7270B0002C206 /* SistemasTotalesComponent.swift in Sources */,
				FBFD99C92B9D71F900B91A46 /* PredictorDeFugas.mlmodel in Sources */,
				FBFD99CF2B9D747400B91A46 /* PredicitionModel.swift in Sources */,
				A92D20392BE4638F00A711D0 /* ConsumoComponent.swift in Sources */,
				FBC26CAF2B9DA89F00C7E854 /* PlanDeAhorroView.swift in Sources */,
				FBFD99CD2B9D729700B91A46 /* PredictionViewModel.swift in Sources */,
				FB4C8FE22B9D00F700D89048 /* Item.swift in Sources */,
				5EA7CC042BE72ABF0002C206 /* GotasTotales.swift in Sources */,
				FBFD99C52B9D178200B91A46 /* PrincipalViewModel.swift in Sources */,
				FB10EA8B2B9DCBBF0087B60F /* Valve.swift in Sources */,
				A92D20372BE4634100A711D0 /* SequiaNotifComponent.swift in Sources */,
				FB4C8FDE2B9D00F700D89048 /* GotaApp.swift in Sources */,
			);
			runOnlyForDeploymentPostprocessing = 0;
		};
/* End PBXSourcesBuildPhase section */

/* Begin XCBuildConfiguration section */
		FB4C8FE82B9D00F800D89048 /* Debug */ = {
			isa = XCBuildConfiguration;
			buildSettings = {
				ALWAYS_SEARCH_USER_PATHS = NO;
				ASSETCATALOG_COMPILER_GENERATE_SWIFT_ASSET_SYMBOL_EXTENSIONS = YES;
				CLANG_ANALYZER_NONNULL = YES;
				CLANG_ANALYZER_NUMBER_OBJECT_CONVERSION = YES_AGGRESSIVE;
				CLANG_CXX_LANGUAGE_STANDARD = "gnu++20";
				CLANG_ENABLE_MODULES = YES;
				CLANG_ENABLE_OBJC_ARC = YES;
				CLANG_ENABLE_OBJC_WEAK = YES;
				CLANG_WARN_BLOCK_CAPTURE_AUTORELEASING = YES;
				CLANG_WARN_BOOL_CONVERSION = YES;
				CLANG_WARN_COMMA = YES;
				CLANG_WARN_CONSTANT_CONVERSION = YES;
				CLANG_WARN_DEPRECATED_OBJC_IMPLEMENTATIONS = YES;
				CLANG_WARN_DIRECT_OBJC_ISA_USAGE = YES_ERROR;
				CLANG_WARN_DOCUMENTATION_COMMENTS = YES;
				CLANG_WARN_EMPTY_BODY = YES;
				CLANG_WARN_ENUM_CONVERSION = YES;
				CLANG_WARN_INFINITE_RECURSION = YES;
				CLANG_WARN_INT_CONVERSION = YES;
				CLANG_WARN_NON_LITERAL_NULL_CONVERSION = YES;
				CLANG_WARN_OBJC_IMPLICIT_RETAIN_SELF = YES;
				CLANG_WARN_OBJC_LITERAL_CONVERSION = YES;
				CLANG_WARN_OBJC_ROOT_CLASS = YES_ERROR;
				CLANG_WARN_QUOTED_INCLUDE_IN_FRAMEWORK_HEADER = YES;
				CLANG_WARN_RANGE_LOOP_ANALYSIS = YES;
				CLANG_WARN_STRICT_PROTOTYPES = YES;
				CLANG_WARN_SUSPICIOUS_MOVE = YES;
				CLANG_WARN_UNGUARDED_AVAILABILITY = YES_AGGRESSIVE;
				CLANG_WARN_UNREACHABLE_CODE = YES;
				CLANG_WARN__DUPLICATE_METHOD_MATCH = YES;
				COPY_PHASE_STRIP = NO;
				DEBUG_INFORMATION_FORMAT = dwarf;
				ENABLE_STRICT_OBJC_MSGSEND = YES;
				ENABLE_TESTABILITY = YES;
				ENABLE_USER_SCRIPT_SANDBOXING = YES;
				GCC_C_LANGUAGE_STANDARD = gnu17;
				GCC_DYNAMIC_NO_PIC = NO;
				GCC_NO_COMMON_BLOCKS = YES;
				GCC_OPTIMIZATION_LEVEL = 0;
				GCC_PREPROCESSOR_DEFINITIONS = (
					"DEBUG=1",
					"$(inherited)",
				);
				GCC_WARN_64_TO_32_BIT_CONVERSION = YES;
				GCC_WARN_ABOUT_RETURN_TYPE = YES_ERROR;
				GCC_WARN_UNDECLARED_SELECTOR = YES;
				GCC_WARN_UNINITIALIZED_AUTOS = YES_AGGRESSIVE;
				GCC_WARN_UNUSED_FUNCTION = YES;
				GCC_WARN_UNUSED_VARIABLE = YES;
				IPHONEOS_DEPLOYMENT_TARGET = 15.0;
				LOCALIZATION_PREFERS_STRING_CATALOGS = YES;
				MTL_ENABLE_DEBUG_INFO = INCLUDE_SOURCE;
				MTL_FAST_MATH = YES;
				ONLY_ACTIVE_ARCH = YES;
				SDKROOT = iphoneos;
				SWIFT_ACTIVE_COMPILATION_CONDITIONS = "DEBUG $(inherited)";
				SWIFT_OPTIMIZATION_LEVEL = "-Onone";
			};
			name = Debug;
		};
		FB4C8FE92B9D00F800D89048 /* Release */ = {
			isa = XCBuildConfiguration;
			buildSettings = {
				ALWAYS_SEARCH_USER_PATHS = NO;
				ASSETCATALOG_COMPILER_GENERATE_SWIFT_ASSET_SYMBOL_EXTENSIONS = YES;
				CLANG_ANALYZER_NONNULL = YES;
				CLANG_ANALYZER_NUMBER_OBJECT_CONVERSION = YES_AGGRESSIVE;
				CLANG_CXX_LANGUAGE_STANDARD = "gnu++20";
				CLANG_ENABLE_MODULES = YES;
				CLANG_ENABLE_OBJC_ARC = YES;
				CLANG_ENABLE_OBJC_WEAK = YES;
				CLANG_WARN_BLOCK_CAPTURE_AUTORELEASING = YES;
				CLANG_WARN_BOOL_CONVERSION = YES;
				CLANG_WARN_COMMA = YES;
				CLANG_WARN_CONSTANT_CONVERSION = YES;
				CLANG_WARN_DEPRECATED_OBJC_IMPLEMENTATIONS = YES;
				CLANG_WARN_DIRECT_OBJC_ISA_USAGE = YES_ERROR;
				CLANG_WARN_DOCUMENTATION_COMMENTS = YES;
				CLANG_WARN_EMPTY_BODY = YES;
				CLANG_WARN_ENUM_CONVERSION = YES;
				CLANG_WARN_INFINITE_RECURSION = YES;
				CLANG_WARN_INT_CONVERSION = YES;
				CLANG_WARN_NON_LITERAL_NULL_CONVERSION = YES;
				CLANG_WARN_OBJC_IMPLICIT_RETAIN_SELF = YES;
				CLANG_WARN_OBJC_LITERAL_CONVERSION = YES;
				CLANG_WARN_OBJC_ROOT_CLASS = YES_ERROR;
				CLANG_WARN_QUOTED_INCLUDE_IN_FRAMEWORK_HEADER = YES;
				CLANG_WARN_RANGE_LOOP_ANALYSIS = YES;
				CLANG_WARN_STRICT_PROTOTYPES = YES;
				CLANG_WARN_SUSPICIOUS_MOVE = YES;
				CLANG_WARN_UNGUARDED_AVAILABILITY = YES_AGGRESSIVE;
				CLANG_WARN_UNREACHABLE_CODE = YES;
				CLANG_WARN__DUPLICATE_METHOD_MATCH = YES;
				COPY_PHASE_STRIP = NO;
				DEBUG_INFORMATION_FORMAT = "dwarf-with-dsym";
				ENABLE_NS_ASSERTIONS = NO;
				ENABLE_STRICT_OBJC_MSGSEND = YES;
				ENABLE_USER_SCRIPT_SANDBOXING = YES;
				GCC_C_LANGUAGE_STANDARD = gnu17;
				GCC_NO_COMMON_BLOCKS = YES;
				GCC_WARN_64_TO_32_BIT_CONVERSION = YES;
				GCC_WARN_ABOUT_RETURN_TYPE = YES_ERROR;
				GCC_WARN_UNDECLARED_SELECTOR = YES;
				GCC_WARN_UNINITIALIZED_AUTOS = YES_AGGRESSIVE;
				GCC_WARN_UNUSED_FUNCTION = YES;
				GCC_WARN_UNUSED_VARIABLE = YES;
				IPHONEOS_DEPLOYMENT_TARGET = 15.0;
				LOCALIZATION_PREFERS_STRING_CATALOGS = YES;
				MTL_ENABLE_DEBUG_INFO = NO;
				MTL_FAST_MATH = YES;
				SDKROOT = iphoneos;
				SWIFT_COMPILATION_MODE = wholemodule;
				VALIDATE_PRODUCT = YES;
			};
			name = Release;
		};
		FB4C8FEB2B9D00F800D89048 /* Debug */ = {
			isa = XCBuildConfiguration;
			buildSettings = {
				ASSETCATALOG_COMPILER_APPICON_NAME = AppIcon;
				ASSETCATALOG_COMPILER_GLOBAL_ACCENT_COLOR_NAME = AccentColor;
				CODE_SIGN_STYLE = Automatic;
				CURRENT_PROJECT_VERSION = 1;
				DEVELOPMENT_ASSET_PATHS = "\"Gota/Preview Content\"";
				DEVELOPMENT_TEAM = TCBXDWFNX2;
				ENABLE_PREVIEWS = YES;
				GENERATE_INFOPLIST_FILE = YES;
				INFOPLIST_FILE = Gota/Info.plist;
				INFOPLIST_KEY_UIApplicationSceneManifest_Generation = YES;
				INFOPLIST_KEY_UIApplicationSupportsIndirectInputEvents = YES;
				INFOPLIST_KEY_UILaunchScreen_Generation = YES;
				INFOPLIST_KEY_UISupportedInterfaceOrientations = "UIInterfaceOrientationLandscapeLeft UIInterfaceOrientationLandscapeRight";
				IPHONEOS_DEPLOYMENT_TARGET = 17.0;
				LD_RUNPATH_SEARCH_PATHS = (
					"$(inherited)",
					"@executable_path/Frameworks",
				);
				MARKETING_VERSION = 1.0;
				PRODUCT_BUNDLE_IDENTIFIER = Gota.vainilla;
				PRODUCT_NAME = "$(TARGET_NAME)";
				SUPPORTED_PLATFORMS = "iphoneos iphonesimulator";
				SUPPORTS_MACCATALYST = NO;
				SWIFT_EMIT_LOC_STRINGS = YES;
				SWIFT_VERSION = 5.0;
				TARGETED_DEVICE_FAMILY = 2;
			};
			name = Debug;
		};
		FB4C8FEC2B9D00F800D89048 /* Release */ = {
			isa = XCBuildConfiguration;
			buildSettings = {
				ASSETCATALOG_COMPILER_APPICON_NAME = AppIcon;
				ASSETCATALOG_COMPILER_GLOBAL_ACCENT_COLOR_NAME = AccentColor;
				CODE_SIGN_STYLE = Automatic;
				CURRENT_PROJECT_VERSION = 1;
				DEVELOPMENT_ASSET_PATHS = "\"Gota/Preview Content\"";
				DEVELOPMENT_TEAM = TCBXDWFNX2;
				ENABLE_PREVIEWS = YES;
				GENERATE_INFOPLIST_FILE = YES;
				INFOPLIST_FILE = Gota/Info.plist;
				INFOPLIST_KEY_UIApplicationSceneManifest_Generation = YES;
				INFOPLIST_KEY_UIApplicationSupportsIndirectInputEvents = YES;
				INFOPLIST_KEY_UILaunchScreen_Generation = YES;
				INFOPLIST_KEY_UISupportedInterfaceOrientations = "UIInterfaceOrientationLandscapeLeft UIInterfaceOrientationLandscapeRight";
				IPHONEOS_DEPLOYMENT_TARGET = 17.0;
				LD_RUNPATH_SEARCH_PATHS = (
					"$(inherited)",
					"@executable_path/Frameworks",
				);
				MARKETING_VERSION = 1.0;
				PRODUCT_BUNDLE_IDENTIFIER = Gota.vainilla;
				PRODUCT_NAME = "$(TARGET_NAME)";
				SUPPORTED_PLATFORMS = "iphoneos iphonesimulator";
				SUPPORTS_MACCATALYST = NO;
				SWIFT_EMIT_LOC_STRINGS = YES;
				SWIFT_VERSION = 5.0;
				TARGETED_DEVICE_FAMILY = 2;
			};
			name = Release;
		};
/* End XCBuildConfiguration section */

/* Begin XCConfigurationList section */
		FB4C8FD52B9D00F700D89048 /* Build configuration list for PBXProject "Gota" */ = {
			isa = XCConfigurationList;
			buildConfigurations = (
				FB4C8FE82B9D00F800D89048 /* Debug */,
				FB4C8FE92B9D00F800D89048 /* Release */,
			);
			defaultConfigurationIsVisible = 0;
			defaultConfigurationName = Release;
		};
		FB4C8FEA2B9D00F800D89048 /* Build configuration list for PBXNativeTarget "Gota" */ = {
			isa = XCConfigurationList;
			buildConfigurations = (
				FB4C8FEB2B9D00F800D89048 /* Debug */,
				FB4C8FEC2B9D00F800D89048 /* Release */,
			);
			defaultConfigurationIsVisible = 0;
			defaultConfigurationName = Release;
		};
/* End XCConfigurationList section */
	};
	rootObject = FB4C8FD22B9D00F700D89048 /* Project object */;
}
